// !$*UTF8*$!
{
	archiveVersion = 1;
	classes = {
	};
	objectVersion = 77;
	objects = {

/* Begin PBXBuildFile section */
		5652C7962ED743B8004EA129 /* Onboarding.swift in Sources */ = {isa = PBXBuildFile; fileRef = 5652C7932ED743B8004EA129 /* Onboarding.swift */; };
		5652C7972ED743B8004EA129 /* ContentView.swift in Sources */ = {isa = PBXBuildFile; fileRef = 5652C7912ED743B8004EA129 /* ContentView.swift */; };
		5652C7982ED743B8004EA129 /* SessionUtils.swift in Sources */ = {isa = PBXBuildFile; fileRef = 5652C7942ED743B8004EA129 /* SessionUtils.swift */; };
		5652C7992ED743B8004EA129 /* Little_LemonApp.swift in Sources */ = {isa = PBXBuildFile; fileRef = 5652C7922ED743B8004EA129 /* Little_LemonApp.swift */; };
		5652C79A2ED743B8004EA129 /* Assets.xcassets in Resources */ = {isa = PBXBuildFile; fileRef = 5652C7902ED743B8004EA129 /* Assets.xcassets */; };
		5652C7A42ED743F3004EA129 /* Home.swift in Sources */ = {isa = PBXBuildFile; fileRef = 5652C7A32ED743F3004EA129 /* Home.swift */; };
		5652C7AB2ED782A4004EA129 /* Menu.swift in Sources */ = {isa = PBXBuildFile; fileRef = 5652C7AA2ED782A4004EA129 /* Menu.swift */; };
		5652C7B22ED81493004EA129 /* UserProfile.swift in Sources */ = {isa = PBXBuildFile; fileRef = 5652C7B12ED81493004EA129 /* UserProfile.swift */; };
		5652C7B92EDAE4BB004EA129 /* DTOs.swift in Sources */ = {isa = PBXBuildFile; fileRef = 5652C7B82EDAE4BB004EA129 /* DTOs.swift */; };
		5652C7BF2EDAE4F7004EA129 /* LittleLemonService.swift in Sources */ = {isa = PBXBuildFile; fileRef = 5652C7BE2EDAE4F7004EA129 /* LittleLemonService.swift */; };
		5652C7CC2EDAE897004EA129 /* ExampleDatabase.xcdatamodeld in Sources */ = {isa = PBXBuildFile; fileRef = 5652C7CA2EDAE897004EA129 /* ExampleDatabase.xcdatamodeld */; };
		5652C7CE2EDAEA67004EA129 /* MenuModel.swift in Sources */ = {isa = PBXBuildFile; fileRef = 5652C7CD2EDAEA67004EA129 /* MenuModel.swift */; };
		5652C7D52EDAEC72004EA129 /* Dish+CoreDataClass.swift in Sources */ = {isa = PBXBuildFile; fileRef = 5652C7D32EDAEC72004EA129 /* Dish+CoreDataClass.swift */; };
		5652C7D62EDAEC72004EA129 /* Dish+CoreDataProperties.swift in Sources */ = {isa = PBXBuildFile; fileRef = 5652C7D42EDAEC72004EA129 /* Dish+CoreDataProperties.swift */; };
		5652C7DC2EDAED01004EA129 /* Dish+Extension.swift in Sources */ = {isa = PBXBuildFile; fileRef = 5652C7DB2EDAED01004EA129 /* Dish+Extension.swift */; };
		5652C7E22EDE360C004EA129 /* Persistence.swift in Sources */ = {isa = PBXBuildFile; fileRef = 5652C7E12EDE360C004EA129 /* Persistence.swift */; };
		5652C7E62EDE3623004EA129 /* FetchedObjects.swift in Sources */ = {isa = PBXBuildFile; fileRef = 5652C7E52EDE3623004EA129 /* FetchedObjects.swift */; };
		5652C7EC2EDE41F3004EA129 /* DishDetails.swift in Sources */ = {isa = PBXBuildFile; fileRef = 5652C7EB2EDE41F3004EA129 /* DishDetails.swift */; };
/* End PBXBuildFile section */

/* Begin PBXFileReference section */
		5652C7902ED743B8004EA129 /* Assets.xcassets */ = {isa = PBXFileReference; lastKnownFileType = folder.assetcatalog; path = Assets.xcassets; sourceTree = "<group>"; };
		5652C7912ED743B8004EA129 /* ContentView.swift */ = {isa = PBXFileReference; lastKnownFileType = sourcecode.swift; path = ContentView.swift; sourceTree = "<group>"; };
		5652C7922ED743B8004EA129 /* Little_LemonApp.swift */ = {isa = PBXFileReference; lastKnownFileType = sourcecode.swift; path = Little_LemonApp.swift; sourceTree = "<group>"; };
		5652C7932ED743B8004EA129 /* Onboarding.swift */ = {isa = PBXFileReference; lastKnownFileType = sourcecode.swift; path = Onboarding.swift; sourceTree = "<group>"; };
		5652C7942ED743B8004EA129 /* SessionUtils.swift */ = {isa = PBXFileReference; lastKnownFileType = sourcecode.swift; path = SessionUtils.swift; sourceTree = "<group>"; };
		5652C7A32ED743F3004EA129 /* Home.swift */ = {isa = PBXFileReference; lastKnownFileType = sourcecode.swift; path = Home.swift; sourceTree = "<group>"; };
		5652C7AA2ED782A4004EA129 /* Menu.swift */ = {isa = PBXFileReference; lastKnownFileType = sourcecode.swift; path = Menu.swift; sourceTree = "<group>"; };
		5652C7B12ED81493004EA129 /* UserProfile.swift */ = {isa = PBXFileReference; lastKnownFileType = sourcecode.swift; path = UserProfile.swift; sourceTree = "<group>"; };
		5652C7B82EDAE4BB004EA129 /* DTOs.swift */ = {isa = PBXFileReference; lastKnownFileType = sourcecode.swift; path = DTOs.swift; sourceTree = "<group>"; };
		5652C7BE2EDAE4F7004EA129 /* LittleLemonService.swift */ = {isa = PBXFileReference; lastKnownFileType = sourcecode.swift; path = LittleLemonService.swift; sourceTree = "<group>"; };
		5652C7CB2EDAE897004EA129 /* ExampleDatabase.xcdatamodel */ = {isa = PBXFileReference; lastKnownFileType = wrapper.xcdatamodel; path = ExampleDatabase.xcdatamodel; sourceTree = "<group>"; };
		5652C7CD2EDAEA67004EA129 /* MenuModel.swift */ = {isa = PBXFileReference; lastKnownFileType = sourcecode.swift; path = MenuModel.swift; sourceTree = "<group>"; };
		5652C7D32EDAEC72004EA129 /* Dish+CoreDataClass.swift */ = {isa = PBXFileReference; lastKnownFileType = sourcecode.swift; path = "Dish+CoreDataClass.swift"; sourceTree = "<group>"; };
		5652C7D42EDAEC72004EA129 /* Dish+CoreDataProperties.swift */ = {isa = PBXFileReference; lastKnownFileType = sourcecode.swift; path = "Dish+CoreDataProperties.swift"; sourceTree = "<group>"; };
		5652C7DB2EDAED01004EA129 /* Dish+Extension.swift */ = {isa = PBXFileReference; lastKnownFileType = sourcecode.swift; path = "Dish+Extension.swift"; sourceTree = "<group>"; };
		5652C7E12EDE360C004EA129 /* Persistence.swift */ = {isa = PBXFileReference; lastKnownFileType = sourcecode.swift; path = Persistence.swift; sourceTree = "<group>"; };
		5652C7E52EDE3623004EA129 /* FetchedObjects.swift */ = {isa = PBXFileReference; lastKnownFileType = sourcecode.swift; path = FetchedObjects.swift; sourceTree = "<group>"; };
		5652C7EB2EDE41F3004EA129 /* DishDetails.swift */ = {isa = PBXFileReference; lastKnownFileType = sourcecode.swift; path = DishDetails.swift; sourceTree = "<group>"; };
		565B2D052ED20DF7006380F1 /* Little Lemon.app */ = {isa = PBXFileReference; explicitFileType = wrapper.application; includeInIndex = 0; path = "Little Lemon.app"; sourceTree = BUILT_PRODUCTS_DIR; };
/* End PBXFileReference section */

/* Begin PBXFileSystemSynchronizedRootGroup section */
		565B2D072ED20DF7006380F1 /* Little Lemon */ = {
			isa = PBXFileSystemSynchronizedRootGroup;
			path = "Little Lemon";
			sourceTree = "<group>";
		};
/* End PBXFileSystemSynchronizedRootGroup section */

/* Begin PBXFrameworksBuildPhase section */
		565B2D022ED20DF7006380F1 /* Frameworks */ = {
			isa = PBXFrameworksBuildPhase;
			buildActionMask = 2147483647;
			files = (
			);
			runOnlyForDeploymentPostprocessing = 0;
		};
/* End PBXFrameworksBuildPhase section */

/* Begin PBXGroup section */
		5652C7952ED743B8004EA129 /* Little Lemon */ = {
			isa = PBXGroup;
			children = (
				5652C7C12EDAE638004EA129 /* CoreData */,
				5652C7B62EDAE4AC004EA129 /* Network */,
				5652C7AF2ED81489004EA129 /* Profile */,
				5652C7A82ED78292004EA129 /* Menu */,
				5652C7A12ED743E7004EA129 /* Home */,
				5652C79C2ED743D6004EA129 /* Onboarding */,
				5652C7902ED743B8004EA129 /* Assets.xcassets */,
				5652C7912ED743B8004EA129 /* ContentView.swift */,
				5652C7922ED743B8004EA129 /* Little_LemonApp.swift */,
				5652C7942ED743B8004EA129 /* SessionUtils.swift */,
				5652C7CA2EDAE897004EA129 /* ExampleDatabase.xcdatamodeld */,
			);
			path = "Little Lemon";
			sourceTree = "<group>";
		};
		5652C79C2ED743D6004EA129 /* Onboarding */ = {
			isa = PBXGroup;
			children = (
				5652C7932ED743B8004EA129 /* Onboarding.swift */,
			);
			path = Onboarding;
			sourceTree = "<group>";
		};
		5652C7A12ED743E7004EA129 /* Home */ = {
			isa = PBXGroup;
			children = (
				5652C7A32ED743F3004EA129 /* Home.swift */,
			);
			path = Home;
			sourceTree = "<group>";
		};
		5652C7A82ED78292004EA129 /* Menu */ = {
			isa = PBXGroup;
			children = (
				5652C7AA2ED782A4004EA129 /* Menu.swift */,
				5652C7CD2EDAEA67004EA129 /* MenuModel.swift */,
				5652C7EB2EDE41F3004EA129 /* DishDetails.swift */,
			);
			path = Menu;
			sourceTree = "<group>";
		};
		5652C7AF2ED81489004EA129 /* Profile */ = {
			isa = PBXGroup;
			children = (
				5652C7B12ED81493004EA129 /* UserProfile.swift */,
			);
			path = Profile;
			sourceTree = "<group>";
		};
		5652C7B62EDAE4AC004EA129 /* Network */ = {
			isa = PBXGroup;
			children = (
				5652C7B82EDAE4BB004EA129 /* DTOs.swift */,
				5652C7BE2EDAE4F7004EA129 /* LittleLemonService.swift */,
			);
			path = Network;
			sourceTree = "<group>";
		};
		5652C7C12EDAE638004EA129 /* CoreData */ = {
			isa = PBXGroup;
			children = (
				5652C7D32EDAEC72004EA129 /* Dish+CoreDataClass.swift */,
				5652C7D42EDAEC72004EA129 /* Dish+CoreDataProperties.swift */,
				5652C7DB2EDAED01004EA129 /* Dish+Extension.swift */,
				5652C7E12EDE360C004EA129 /* Persistence.swift */,
				5652C7E52EDE3623004EA129 /* FetchedObjects.swift */,
			);
			path = CoreData;
			sourceTree = "<group>";
		};
		565B2CFC2ED20DF7006380F1 = {
			isa = PBXGroup;
			children = (
				5652C7952ED743B8004EA129 /* Little Lemon */,
				565B2D062ED20DF7006380F1 /* Products */,
			);
			sourceTree = "<group>";
		};
		565B2D062ED20DF7006380F1 /* Products */ = {
			isa = PBXGroup;
			children = (
				565B2D052ED20DF7006380F1 /* Little Lemon.app */,
				565B2D072ED20DF7006380F1 /* Little Lemon */,
			);
			name = Products;
			sourceTree = "<group>";
		};
/* End PBXGroup section */

/* Begin PBXNativeTarget section */
		565B2D042ED20DF7006380F1 /* Little Lemon */ = {
			isa = PBXNativeTarget;
			buildConfigurationList = 565B2D102ED20DF8006380F1 /* Build configuration list for PBXNativeTarget "Little Lemon" */;
			buildPhases = (
				565B2D012ED20DF7006380F1 /* Sources */,
				565B2D022ED20DF7006380F1 /* Frameworks */,
				565B2D032ED20DF7006380F1 /* Resources */,
			);
			buildRules = (
			);
			dependencies = (
			);
			fileSystemSynchronizedGroups = (
				565B2D072ED20DF7006380F1 /* Little Lemon */,
			);
			name = "Little Lemon";
			packageProductDependencies = (
			);
			productName = "Little Lemon";
			productReference = 565B2D052ED20DF7006380F1 /* Little Lemon.app */;
			productType = "com.apple.product-type.application";
		};
/* End PBXNativeTarget section */

/* Begin PBXProject section */
		565B2CFD2ED20DF7006380F1 /* Project object */ = {
			isa = PBXProject;
			attributes = {
				BuildIndependentTargetsInParallel = 1;
				LastSwiftUpdateCheck = 2610;
				LastUpgradeCheck = 2610;
				TargetAttributes = {
					565B2D042ED20DF7006380F1 = {
						CreatedOnToolsVersion = 26.1.1;
					};
				};
			};
			buildConfigurationList = 565B2D002ED20DF7006380F1 /* Build configuration list for PBXProject "Little Lemon" */;
			developmentRegion = en;
			hasScannedForEncodings = 0;
			knownRegions = (
				en,
				Base,
			);
			mainGroup = 565B2CFC2ED20DF7006380F1;
			minimizedProjectReferenceProxies = 1;
			preferredProjectObjectVersion = 77;
			productRefGroup = 565B2D062ED20DF7006380F1 /* Products */;
			projectDirPath = "";
			projectRoot = "";
			targets = (
				565B2D042ED20DF7006380F1 /* Little Lemon */,
			);
		};
/* End PBXProject section */

/* Begin PBXResourcesBuildPhase section */
		565B2D032ED20DF7006380F1 /* Resources */ = {
			isa = PBXResourcesBuildPhase;
			buildActionMask = 2147483647;
			files = (
				5652C79A2ED743B8004EA129 /* Assets.xcassets in Resources */,
			);
			runOnlyForDeploymentPostprocessing = 0;
		};
/* End PBXResourcesBuildPhase section */

/* Begin PBXSourcesBuildPhase section */
		565B2D012ED20DF7006380F1 /* Sources */ = {
			isa = PBXSourcesBuildPhase;
			buildActionMask = 2147483647;
			files = (
				5652C7CC2EDAE897004EA129 /* ExampleDatabase.xcdatamodeld in Sources */,
				5652C7DC2EDAED01004EA129 /* Dish+Extension.swift in Sources */,
				5652C7E22EDE360C004EA129 /* Persistence.swift in Sources */,
				5652C7962ED743B8004EA129 /* Onboarding.swift in Sources */,
				5652C7E62EDE3623004EA129 /* FetchedObjects.swift in Sources */,
				5652C7EC2EDE41F3004EA129 /* DishDetails.swift in Sources */,
				5652C7972ED743B8004EA129 /* ContentView.swift in Sources */,
				5652C7CE2EDAEA67004EA129 /* MenuModel.swift in Sources */,
				5652C7B92EDAE4BB004EA129 /* DTOs.swift in Sources */,
				5652C7AB2ED782A4004EA129 /* Menu.swift in Sources */,
				5652C7A42ED743F3004EA129 /* Home.swift in Sources */,
				5652C7982ED743B8004EA129 /* SessionUtils.swift in Sources */,
				5652C7992ED743B8004EA129 /* Little_LemonApp.swift in Sources */,
				5652C7D52EDAEC72004EA129 /* Dish+CoreDataClass.swift in Sources */,
				5652C7D62EDAEC72004EA129 /* Dish+CoreDataProperties.swift in Sources */,
				5652C7BF2EDAE4F7004EA129 /* LittleLemonService.swift in Sources */,
				5652C7B22ED81493004EA129 /* UserProfile.swift in Sources */,
			);
			runOnlyForDeploymentPostprocessing = 0;
		};
/* End PBXSourcesBuildPhase section */

/* Begin XCBuildConfiguration section */
		565B2D0E2ED20DF8006380F1 /* Debug */ = {
			isa = XCBuildConfiguration;
			buildSettings = {
				ALWAYS_SEARCH_USER_PATHS = NO;
				ASSETCATALOG_COMPILER_GENERATE_SWIFT_ASSET_SYMBOL_EXTENSIONS = YES;
				CLANG_ANALYZER_NONNULL = YES;
				CLANG_ANALYZER_NUMBER_OBJECT_CONVERSION = YES_AGGRESSIVE;
				CLANG_CXX_LANGUAGE_STANDARD = "gnu++20";
				CLANG_ENABLE_MODULES = YES;
				CLANG_ENABLE_OBJC_ARC = YES;
				CLANG_ENABLE_OBJC_WEAK = YES;
				CLANG_WARN_BLOCK_CAPTURE_AUTORELEASING = YES;
				CLANG_WARN_BOOL_CONVERSION = YES;
				CLANG_WARN_COMMA = YES;
				CLANG_WARN_CONSTANT_CONVERSION = YES;
				CLANG_WARN_DEPRECATED_OBJC_IMPLEMENTATIONS = YES;
				CLANG_WARN_DIRECT_OBJC_ISA_USAGE = YES_ERROR;
				CLANG_WARN_DOCUMENTATION_COMMENTS = YES;
				CLANG_WARN_EMPTY_BODY = YES;
				CLANG_WARN_ENUM_CONVERSION = YES;
				CLANG_WARN_INFINITE_RECURSION = YES;
				CLANG_WARN_INT_CONVERSION = YES;
				CLANG_WARN_NON_LITERAL_NULL_CONVERSION = YES;
				CLANG_WARN_OBJC_IMPLICIT_RETAIN_SELF = YES;
				CLANG_WARN_OBJC_LITERAL_CONVERSION = YES;
				CLANG_WARN_OBJC_ROOT_CLASS = YES_ERROR;
				CLANG_WARN_QUOTED_INCLUDE_IN_FRAMEWORK_HEADER = YES;
				CLANG_WARN_RANGE_LOOP_ANALYSIS = YES;
				CLANG_WARN_STRICT_PROTOTYPES = YES;
				CLANG_WARN_SUSPICIOUS_MOVE = YES;
				CLANG_WARN_UNGUARDED_AVAILABILITY = YES_AGGRESSIVE;
				CLANG_WARN_UNREACHABLE_CODE = YES;
				CLANG_WARN__DUPLICATE_METHOD_MATCH = YES;
				COPY_PHASE_STRIP = NO;
				DEBUG_INFORMATION_FORMAT = dwarf;
				ENABLE_STRICT_OBJC_MSGSEND = YES;
				ENABLE_TESTABILITY = YES;
				ENABLE_USER_SCRIPT_SANDBOXING = YES;
				GCC_C_LANGUAGE_STANDARD = gnu17;
				GCC_DYNAMIC_NO_PIC = NO;
				GCC_NO_COMMON_BLOCKS = YES;
				GCC_OPTIMIZATION_LEVEL = 0;
				GCC_PREPROCESSOR_DEFINITIONS = (
					"DEBUG=1",
					"$(inherited)",
				);
				GCC_WARN_64_TO_32_BIT_CONVERSION = YES;
				GCC_WARN_ABOUT_RETURN_TYPE = YES_ERROR;
				GCC_WARN_UNDECLARED_SELECTOR = YES;
				GCC_WARN_UNINITIALIZED_AUTOS = YES_AGGRESSIVE;
				GCC_WARN_UNUSED_FUNCTION = YES;
				GCC_WARN_UNUSED_VARIABLE = YES;
				IPHONEOS_DEPLOYMENT_TARGET = 26.1;
				LOCALIZATION_PREFERS_STRING_CATALOGS = YES;
				MTL_ENABLE_DEBUG_INFO = INCLUDE_SOURCE;
				MTL_FAST_MATH = YES;
				ONLY_ACTIVE_ARCH = YES;
				SDKROOT = iphoneos;
				SWIFT_ACTIVE_COMPILATION_CONDITIONS = "DEBUG $(inherited)";
				SWIFT_OPTIMIZATION_LEVEL = "-Onone";
			};
			name = Debug;
		};
		565B2D0F2ED20DF8006380F1 /* Release */ = {
			isa = XCBuildConfiguration;
			buildSettings = {
				ALWAYS_SEARCH_USER_PATHS = NO;
				ASSETCATALOG_COMPILER_GENERATE_SWIFT_ASSET_SYMBOL_EXTENSIONS = YES;
				CLANG_ANALYZER_NONNULL = YES;
				CLANG_ANALYZER_NUMBER_OBJECT_CONVERSION = YES_AGGRESSIVE;
				CLANG_CXX_LANGUAGE_STANDARD = "gnu++20";
				CLANG_ENABLE_MODULES = YES;
				CLANG_ENABLE_OBJC_ARC = YES;
				CLANG_ENABLE_OBJC_WEAK = YES;
				CLANG_WARN_BLOCK_CAPTURE_AUTORELEASING = YES;
				CLANG_WARN_BOOL_CONVERSION = YES;
				CLANG_WARN_COMMA = YES;
				CLANG_WARN_CONSTANT_CONVERSION = YES;
				CLANG_WARN_DEPRECATED_OBJC_IMPLEMENTATIONS = YES;
				CLANG_WARN_DIRECT_OBJC_ISA_USAGE = YES_ERROR;
				CLANG_WARN_DOCUMENTATION_COMMENTS = YES;
				CLANG_WARN_EMPTY_BODY = YES;
				CLANG_WARN_ENUM_CONVERSION = YES;
				CLANG_WARN_INFINITE_RECURSION = YES;
				CLANG_WARN_INT_CONVERSION = YES;
				CLANG_WARN_NON_LITERAL_NULL_CONVERSION = YES;
				CLANG_WARN_OBJC_IMPLICIT_RETAIN_SELF = YES;
				CLANG_WARN_OBJC_LITERAL_CONVERSION = YES;
				CLANG_WARN_OBJC_ROOT_CLASS = YES_ERROR;
				CLANG_WARN_QUOTED_INCLUDE_IN_FRAMEWORK_HEADER = YES;
				CLANG_WARN_RANGE_LOOP_ANALYSIS = YES;
				CLANG_WARN_STRICT_PROTOTYPES = YES;
				CLANG_WARN_SUSPICIOUS_MOVE = YES;
				CLANG_WARN_UNGUARDED_AVAILABILITY = YES_AGGRESSIVE;
				CLANG_WARN_UNREACHABLE_CODE = YES;
				CLANG_WARN__DUPLICATE_METHOD_MATCH = YES;
				COPY_PHASE_STRIP = NO;
				DEBUG_INFORMATION_FORMAT = "dwarf-with-dsym";
				ENABLE_NS_ASSERTIONS = NO;
				ENABLE_STRICT_OBJC_MSGSEND = YES;
				ENABLE_USER_SCRIPT_SANDBOXING = YES;
				GCC_C_LANGUAGE_STANDARD = gnu17;
				GCC_NO_COMMON_BLOCKS = YES;
				GCC_WARN_64_TO_32_BIT_CONVERSION = YES;
				GCC_WARN_ABOUT_RETURN_TYPE = YES_ERROR;
				GCC_WARN_UNDECLARED_SELECTOR = YES;
				GCC_WARN_UNINITIALIZED_AUTOS = YES_AGGRESSIVE;
				GCC_WARN_UNUSED_FUNCTION = YES;
				GCC_WARN_UNUSED_VARIABLE = YES;
				IPHONEOS_DEPLOYMENT_TARGET = 26.1;
				LOCALIZATION_PREFERS_STRING_CATALOGS = YES;
				MTL_ENABLE_DEBUG_INFO = NO;
				MTL_FAST_MATH = YES;
				SDKROOT = iphoneos;
				SWIFT_COMPILATION_MODE = wholemodule;
				VALIDATE_PRODUCT = YES;
			};
			name = Release;
		};
		565B2D112ED20DF8006380F1 /* Debug */ = {
			isa = XCBuildConfiguration;
			buildSettings = {
				ASSETCATALOG_COMPILER_APPICON_NAME = AppIcon;
				ASSETCATALOG_COMPILER_GLOBAL_ACCENT_COLOR_NAME = AccentColor;
				CODE_SIGN_STYLE = Automatic;
				CURRENT_PROJECT_VERSION = 1;
				ENABLE_PREVIEWS = YES;
				GENERATE_INFOPLIST_FILE = YES;
				INFOPLIST_KEY_UIApplicationSceneManifest_Generation = YES;
				INFOPLIST_KEY_UIApplicationSupportsIndirectInputEvents = YES;
				INFOPLIST_KEY_UILaunchScreen_Generation = YES;
				INFOPLIST_KEY_UISupportedInterfaceOrientations_iPad = "UIInterfaceOrientationPortrait UIInterfaceOrientationPortraitUpsideDown UIInterfaceOrientationLandscapeLeft UIInterfaceOrientationLandscapeRight";
				INFOPLIST_KEY_UISupportedInterfaceOrientations_iPhone = "UIInterfaceOrientationPortrait UIInterfaceOrientationLandscapeLeft UIInterfaceOrientationLandscapeRight";
				LD_RUNPATH_SEARCH_PATHS = (
					"$(inherited)",
					"@executable_path/Frameworks",
				);
				MARKETING_VERSION = 1.0;
				PRODUCT_BUNDLE_IDENTIFIER = "edu.coursera.capstone.Little-Lemon";
				PRODUCT_NAME = "$(TARGET_NAME)";
				STRING_CATALOG_GENERATE_SYMBOLS = YES;
				SWIFT_APPROACHABLE_CONCURRENCY = YES;
				SWIFT_DEFAULT_ACTOR_ISOLATION = MainActor;
				SWIFT_EMIT_LOC_STRINGS = YES;
				SWIFT_UPCOMING_FEATURE_MEMBER_IMPORT_VISIBILITY = YES;
				SWIFT_VERSION = 5.0;
				TARGETED_DEVICE_FAMILY = "1,2";
			};
			name = Debug;
		};
		565B2D122ED20DF8006380F1 /* Release */ = {
			isa = XCBuildConfiguration;
			buildSettings = {
				ASSETCATALOG_COMPILER_APPICON_NAME = AppIcon;
				ASSETCATALOG_COMPILER_GLOBAL_ACCENT_COLOR_NAME = AccentColor;
				CODE_SIGN_STYLE = Automatic;
				CURRENT_PROJECT_VERSION = 1;
				ENABLE_PREVIEWS = YES;
				GENERATE_INFOPLIST_FILE = YES;
				INFOPLIST_KEY_UIApplicationSceneManifest_Generation = YES;
				INFOPLIST_KEY_UIApplicationSupportsIndirectInputEvents = YES;
				INFOPLIST_KEY_UILaunchScreen_Generation = YES;
				INFOPLIST_KEY_UISupportedInterfaceOrientations_iPad = "UIInterfaceOrientationPortrait UIInterfaceOrientationPortraitUpsideDown UIInterfaceOrientationLandscapeLeft UIInterfaceOrientationLandscapeRight";
				INFOPLIST_KEY_UISupportedInterfaceOrientations_iPhone = "UIInterfaceOrientationPortrait UIInterfaceOrientationLandscapeLeft UIInterfaceOrientationLandscapeRight";
				LD_RUNPATH_SEARCH_PATHS = (
					"$(inherited)",
					"@executable_path/Frameworks",
				);
				MARKETING_VERSION = 1.0;
				PRODUCT_BUNDLE_IDENTIFIER = "edu.coursera.capstone.Little-Lemon";
				PRODUCT_NAME = "$(TARGET_NAME)";
				STRING_CATALOG_GENERATE_SYMBOLS = YES;
				SWIFT_APPROACHABLE_CONCURRENCY = YES;
				SWIFT_DEFAULT_ACTOR_ISOLATION = MainActor;
				SWIFT_EMIT_LOC_STRINGS = YES;
				SWIFT_UPCOMING_FEATURE_MEMBER_IMPORT_VISIBILITY = YES;
				SWIFT_VERSION = 5.0;
				TARGETED_DEVICE_FAMILY = "1,2";
			};
			name = Release;
		};
/* End XCBuildConfiguration section */

/* Begin XCConfigurationList section */
		565B2D002ED20DF7006380F1 /* Build configuration list for PBXProject "Little Lemon" */ = {
			isa = XCConfigurationList;
			buildConfigurations = (
				565B2D0E2ED20DF8006380F1 /* Debug */,
				565B2D0F2ED20DF8006380F1 /* Release */,
			);
			defaultConfigurationIsVisible = 0;
			defaultConfigurationName = Release;
		};
		565B2D102ED20DF8006380F1 /* Build configuration list for PBXNativeTarget "Little Lemon" */ = {
			isa = XCConfigurationList;
			buildConfigurations = (
				565B2D112ED20DF8006380F1 /* Debug */,
				565B2D122ED20DF8006380F1 /* Release */,
			);
			defaultConfigurationIsVisible = 0;
			defaultConfigurationName = Release;
		};
/* End XCConfigurationList section */

/* Begin XCVersionGroup section */
		5652C7CA2EDAE897004EA129 /* ExampleDatabase.xcdatamodeld */ = {
			isa = XCVersionGroup;
			children = (
				5652C7CB2EDAE897004EA129 /* ExampleDatabase.xcdatamodel */,
			);
			currentVersion = 5652C7CB2EDAE897004EA129 /* ExampleDatabase.xcdatamodel */;
			path = ExampleDatabase.xcdatamodeld;
			sourceTree = "<group>";
			versionGroupType = wrapper.xcdatamodel;
		};
/* End XCVersionGroup section */
	};
	rootObject = 565B2CFD2ED20DF7006380F1 /* Project object */;
}
